
Microsoft Visual Studio Solution File, Format Version 12.00
# Visual Studio Version 17
VisualStudioVersion = 17.7.34024.191
MinimumVisualStudioVersion = 10.0.40219.1
Project("{FAE04EC0-301F-11D3-BF4B-00C04F79EFBC}") = "LoginLogoutJWT", "LoginLogoutJWT.csproj", "{CC82A270-971F-43E4-80C3-23078F2D4A02}"
EndProject
Global
	GlobalSection(SolutionConfigurationPlatforms) = preSolution
		Debug|Any CPU = Debug|Any CPU
		Release|Any CPU = Release|Any CPU
	EndGlobalSection
	GlobalSection(ProjectConfigurationPlatforms) = postSolution
		{CC82A270-971F-43E4-80C3-23078F2D4A02}.Debug|Any CPU.ActiveCfg = Debug|Any CPU
		{CC82A270-971F-43E4-80C3-23078F2D4A02}.Debug|Any CPU.Build.0 = Debug|Any CPU
		{CC82A270-971F-43E4-80C3-23078F2D4A02}.Release|Any CPU.ActiveCfg = Release|Any CPU
		{CC82A270-971F-43E4-80C3-23078F2D4A02}.Release|Any CPU.Build.0 = Release|Any CPU
	EndGlobalSection
	GlobalSection(SolutionProperties) = preSolution
		HideSolutionNode = FALSE
	EndGlobalSection
	GlobalSection(ExtensibilityGlobals) = postSolution
		SolutionGuid = {5880340A-790D-48C8-821D-1518258F6B87}
	EndGlobalSection
EndGlobal
